
Microsoft Visual Studio Solution File, Format Version 12.00
# Visual Studio Version 16
VisualStudioVersion = 16.0.29001.49
MinimumVisualStudioVersion = 10.0.40219.1
Project("{FAE04EC0-301F-11D3-BF4B-00C04F79EFBC}") = "TCMobile.Android", "TCMobile\TCMobile.Android\TCMobile.Android.csproj", "{6E5C7415-792A-4B0C-BD4B-539E4841A0AF}"
EndProject
Project("{FAE04EC0-301F-11D3-BF4B-00C04F79EFBC}") = "TCMobile.iOS", "TCMobile\TCMobile.iOS\TCMobile.iOS.csproj", "{A1267819-B726-492E-836E-D419E7929666}"
EndProject
Project("{9A19103F-16F7-4668-BE54-9A1E7A4F7556}") = "TCMobile", "TCMobile\TCMobile\TCMobile.csproj", "{C3021B9F-D7C6-435A-873C-9A00D22FA80F}"
EndProject
Project("{9A19103F-16F7-4668-BE54-9A1E7A4F7556}") = "TeamCityAPI", "TeamCityConnector\TeamCityAPI.csproj", "{BD8F2D7D-6653-42DF-8C36-C9A49A47EFFE}"
EndProject
Project("{FAE04EC0-301F-11D3-BF4B-00C04F79EFBC}") = "DataModels", "DataModels\DataModels.csproj", "{7AF2067E-544C-4AD0-8C73-7FC67C8B828D}"
EndProject
Global
	GlobalSection(SolutionConfigurationPlatforms) = preSolution
		Debug|Any CPU = Debug|Any CPU
		Debug|iPhone = Debug|iPhone
		Debug|iPhoneSimulator = Debug|iPhoneSimulator
		Release|Any CPU = Release|Any CPU
		Release|iPhone = Release|iPhone
		Release|iPhoneSimulator = Release|iPhoneSimulator
	EndGlobalSection
	GlobalSection(ProjectConfigurationPlatforms) = postSolution
		{6E5C7415-792A-4B0C-BD4B-539E4841A0AF}.Debug|Any CPU.ActiveCfg = Debug|Any CPU
		{6E5C7415-792A-4B0C-BD4B-539E4841A0AF}.Debug|Any CPU.Build.0 = Debug|Any CPU
		{6E5C7415-792A-4B0C-BD4B-539E4841A0AF}.Debug|Any CPU.Deploy.0 = Debug|Any CPU
		{6E5C7415-792A-4B0C-BD4B-539E4841A0AF}.Debug|iPhone.ActiveCfg = Debug|Any CPU
		{6E5C7415-792A-4B0C-BD4B-539E4841A0AF}.Debug|iPhone.Build.0 = Debug|Any CPU
		{6E5C7415-792A-4B0C-BD4B-539E4841A0AF}.Debug|iPhone.Deploy.0 = Debug|Any CPU
		{6E5C7415-792A-4B0C-BD4B-539E4841A0AF}.Debug|iPhoneSimulator.ActiveCfg = Debug|Any CPU
		{6E5C7415-792A-4B0C-BD4B-539E4841A0AF}.Debug|iPhoneSimulator.Build.0 = Debug|Any CPU
		{6E5C7415-792A-4B0C-BD4B-539E4841A0AF}.Debug|iPhoneSimulator.Deploy.0 = Debug|Any CPU
		{6E5C7415-792A-4B0C-BD4B-539E4841A0AF}.Release|Any CPU.ActiveCfg = Release|Any CPU
		{6E5C7415-792A-4B0C-BD4B-539E4841A0AF}.Release|Any CPU.Build.0 = Release|Any CPU
		{6E5C7415-792A-4B0C-BD4B-539E4841A0AF}.Release|Any CPU.Deploy.0 = Release|Any CPU
		{6E5C7415-792A-4B0C-BD4B-539E4841A0AF}.Release|iPhone.ActiveCfg = Release|Any CPU
		{6E5C7415-792A-4B0C-BD4B-539E4841A0AF}.Release|iPhone.Build.0 = Release|Any CPU
		{6E5C7415-792A-4B0C-BD4B-539E4841A0AF}.Release|iPhone.Deploy.0 = Release|Any CPU
		{6E5C7415-792A-4B0C-BD4B-539E4841A0AF}.Release|iPhoneSimulator.ActiveCfg = Release|Any CPU
		{6E5C7415-792A-4B0C-BD4B-539E4841A0AF}.Release|iPhoneSimulator.Build.0 = Release|Any CPU
		{6E5C7415-792A-4B0C-BD4B-539E4841A0AF}.Release|iPhoneSimulator.Deploy.0 = Release|Any CPU
		{A1267819-B726-492E-836E-D419E7929666}.Debug|Any CPU.ActiveCfg = Debug|iPhoneSimulator
		{A1267819-B726-492E-836E-D419E7929666}.Debug|Any CPU.Deploy.0 = Debug|iPhoneSimulator
		{A1267819-B726-492E-836E-D419E7929666}.Debug|iPhone.ActiveCfg = Debug|iPhone
		{A1267819-B726-492E-836E-D419E7929666}.Debug|iPhone.Build.0 = Debug|iPhone
		{A1267819-B726-492E-836E-D419E7929666}.Debug|iPhone.Deploy.0 = Debug|iPhone
		{A1267819-B726-492E-836E-D419E7929666}.Debug|iPhoneSimulator.ActiveCfg = Debug|iPhoneSimulator
		{A1267819-B726-492E-836E-D419E7929666}.Debug|iPhoneSimulator.Build.0 = Debug|iPhoneSimulator
		{A1267819-B726-492E-836E-D419E7929666}.Debug|iPhoneSimulator.Deploy.0 = Debug|iPhoneSimulator
		{A1267819-B726-492E-836E-D419E7929666}.Release|Any CPU.ActiveCfg = Release|iPhone
		{A1267819-B726-492E-836E-D419E7929666}.Release|Any CPU.Build.0 = Release|iPhone
		{A1267819-B726-492E-836E-D419E7929666}.Release|Any CPU.Deploy.0 = Release|iPhone
		{A1267819-B726-492E-836E-D419E7929666}.Release|iPhone.ActiveCfg = Release|iPhone
		{A1267819-B726-492E-836E-D419E7929666}.Release|iPhone.Build.0 = Release|iPhone
		{A1267819-B726-492E-836E-D419E7929666}.Release|iPhone.Deploy.0 = Release|iPhone
		{A1267819-B726-492E-836E-D419E7929666}.Release|iPhoneSimulator.ActiveCfg = Release|iPhoneSimulator
		{A1267819-B726-492E-836E-D419E7929666}.Release|iPhoneSimulator.Build.0 = Release|iPhoneSimulator
		{A1267819-B726-492E-836E-D419E7929666}.Release|iPhoneSimulator.Deploy.0 = Release|iPhoneSimulator
		{C3021B9F-D7C6-435A-873C-9A00D22FA80F}.Debug|Any CPU.ActiveCfg = Debug|Any CPU
		{C3021B9F-D7C6-435A-873C-9A00D22FA80F}.Debug|Any CPU.Build.0 = Debug|Any CPU
		{C3021B9F-D7C6-435A-873C-9A00D22FA80F}.Debug|Any CPU.Deploy.0 = Debug|Any CPU
		{C3021B9F-D7C6-435A-873C-9A00D22FA80F}.Debug|iPhone.ActiveCfg = Debug|Any CPU
		{C3021B9F-D7C6-435A-873C-9A00D22FA80F}.Debug|iPhone.Build.0 = Debug|Any CPU
		{C3021B9F-D7C6-435A-873C-9A00D22FA80F}.Debug|iPhone.Deploy.0 = Debug|Any CPU
		{C3021B9F-D7C6-435A-873C-9A00D22FA80F}.Debug|iPhoneSimulator.ActiveCfg = Debug|Any CPU
		{C3021B9F-D7C6-435A-873C-9A00D22FA80F}.Debug|iPhoneSimulator.Build.0 = Debug|Any CPU
		{C3021B9F-D7C6-435A-873C-9A00D22FA80F}.Debug|iPhoneSimulator.Deploy.0 = Debug|Any CPU
		{C3021B9F-D7C6-435A-873C-9A00D22FA80F}.Release|Any CPU.ActiveCfg = Release|Any CPU
		{C3021B9F-D7C6-435A-873C-9A00D22FA80F}.Release|Any CPU.Build.0 = Release|Any CPU
		{C3021B9F-D7C6-435A-873C-9A00D22FA80F}.Release|Any CPU.Deploy.0 = Release|Any CPU
		{C3021B9F-D7C6-435A-873C-9A00D22FA80F}.Release|iPhone.ActiveCfg = Release|Any CPU
		{C3021B9F-D7C6-435A-873C-9A00D22FA80F}.Release|iPhone.Build.0 = Release|Any CPU
		{C3021B9F-D7C6-435A-873C-9A00D22FA80F}.Release|iPhone.Deploy.0 = Release|Any CPU
		{C3021B9F-D7C6-435A-873C-9A00D22FA80F}.Release|iPhoneSimulator.ActiveCfg = Release|Any CPU
		{C3021B9F-D7C6-435A-873C-9A00D22FA80F}.Release|iPhoneSimulator.Build.0 = Release|Any CPU
		{C3021B9F-D7C6-435A-873C-9A00D22FA80F}.Release|iPhoneSimulator.Deploy.0 = Release|Any CPU
		{BD8F2D7D-6653-42DF-8C36-C9A49A47EFFE}.Debug|Any CPU.ActiveCfg = Debug|Any CPU
		{BD8F2D7D-6653-42DF-8C36-C9A49A47EFFE}.Debug|Any CPU.Build.0 = Debug|Any CPU
		{BD8F2D7D-6653-42DF-8C36-C9A49A47EFFE}.Debug|iPhone.ActiveCfg = Debug|Any CPU
		{BD8F2D7D-6653-42DF-8C36-C9A49A47EFFE}.Debug|iPhone.Build.0 = Debug|Any CPU
		{BD8F2D7D-6653-42DF-8C36-C9A49A47EFFE}.Debug|iPhoneSimulator.ActiveCfg = Debug|Any CPU
		{BD8F2D7D-6653-42DF-8C36-C9A49A47EFFE}.Debug|iPhoneSimulator.Build.0 = Debug|Any CPU
		{BD8F2D7D-6653-42DF-8C36-C9A49A47EFFE}.Release|Any CPU.ActiveCfg = Release|Any CPU
		{BD8F2D7D-6653-42DF-8C36-C9A49A47EFFE}.Release|Any CPU.Build.0 = Release|Any CPU
		{BD8F2D7D-6653-42DF-8C36-C9A49A47EFFE}.Release|iPhone.ActiveCfg = Release|Any CPU
		{BD8F2D7D-6653-42DF-8C36-C9A49A47EFFE}.Release|iPhone.Build.0 = Release|Any CPU
		{BD8F2D7D-6653-42DF-8C36-C9A49A47EFFE}.Release|iPhoneSimulator.ActiveCfg = Release|Any CPU
		{BD8F2D7D-6653-42DF-8C36-C9A49A47EFFE}.Release|iPhoneSimulator.Build.0 = Release|Any CPU
		{7AF2067E-544C-4AD0-8C73-7FC67C8B828D}.Debug|Any CPU.ActiveCfg = Debug|Any CPU
		{7AF2067E-544C-4AD0-8C73-7FC67C8B828D}.Debug|Any CPU.Build.0 = Debug|Any CPU
		{7AF2067E-544C-4AD0-8C73-7FC67C8B828D}.Debug|iPhone.ActiveCfg = Debug|Any CPU
		{7AF2067E-544C-4AD0-8C73-7FC67C8B828D}.Debug|iPhone.Build.0 = Debug|Any CPU
		{7AF2067E-544C-4AD0-8C73-7FC67C8B828D}.Debug|iPhoneSimulator.ActiveCfg = Debug|Any CPU
		{7AF2067E-544C-4AD0-8C73-7FC67C8B828D}.Debug|iPhoneSimulator.Build.0 = Debug|Any CPU
		{7AF2067E-544C-4AD0-8C73-7FC67C8B828D}.Release|Any CPU.ActiveCfg = Release|Any CPU
		{7AF2067E-544C-4AD0-8C73-7FC67C8B828D}.Release|Any CPU.Build.0 = Release|Any CPU
		{7AF2067E-544C-4AD0-8C73-7FC67C8B828D}.Release|iPhone.ActiveCfg = Release|Any CPU
		{7AF2067E-544C-4AD0-8C73-7FC67C8B828D}.Release|iPhone.Build.0 = Release|Any CPU
		{7AF2067E-544C-4AD0-8C73-7FC67C8B828D}.Release|iPhoneSimulator.ActiveCfg = Release|Any CPU
		{7AF2067E-544C-4AD0-8C73-7FC67C8B828D}.Release|iPhoneSimulator.Build.0 = Release|Any CPU
	EndGlobalSection
	GlobalSection(SolutionProperties) = preSolution
		HideSolutionNode = FALSE
	EndGlobalSection
	GlobalSection(ExtensibilityGlobals) = postSolution
		SolutionGuid = {837F40DF-0516-41FD-82BB-2F2F7E49DD4F}
	EndGlobalSection
EndGlobal
